PODS:
  - EGOCache (2.2.0)
  - GVUserDefaults (1.0.2)
  - iTunesSearch (1.1.1)
  - JSONModel (1.8.0)
  - KissXML (5.2.3)
  - LastFm (1.17.0):
    - KissXML (~> 5.0)
  - MASShortcut (2.4.0)
  - PINCache (2.3)
  - pop (1.0.12)

DEPENDENCIES:
  - EGOCache
  - GVUserDefaults
  - iTunesSearch
  - JSONModel
  - LastFm (from `../LastFm`)
  - MASShortcut
  - PINCache
  - pop

SPEC REPOS:
  https://cdn.cocoapods.org/:
    - EGOCache
    - GVUserDefaults
    - iTunesSearch
    - JSONModel
    - KissXML
    - MASShortcut
    - PINCache
    - pop

EXTERNAL SOURCES:
  LastFm:
    :path: "../LastFm"

SPEC CHECKSUMS:
  EGOCache: 191fd213da6804d487b49b1a91772ba904f3e324
  GVUserDefaults: 52d48cf8ba578b40a1a76312b196dfc9134ba36a
  iTunesSearch: 9bb35df794d9df6ffcaab9f84f494853d874467e
  JSONModel: 02ab723958366a3fd27da57ea2af2113658762e9
  KissXML: 09f88ff8161fd058d67b70740b8b516687b52823
  LastFm: a23faadd5906fcffb3531379e55357e92a5cd82b
  MASShortcut: d9e4909e878661cc42877cc9d6efbe638273ab57
  PINCache: ce36ed282031b92fc7733ffe831f474ff80fddc2
  pop: d582054913807fd11fd50bfe6a539d91c7e1a55a

PODFILE CHECKSUM: 973eec6e142aa464a140aa55d2db30fa45d36c2a

COCOAPODS: 1.8.4
