// !$*UTF8*$!
{
	archiveVersion = 1;
	classes = {
	};
	objectVersion = 52;
	objects = {

/* Begin PBXBuildFile section */
		6600B9F4269E2BBA008A169F /* ComposableArchitecture in Frameworks */ = {isa = PBXBuildFile; productRef = 6600B9F3269E2BBA008A169F /* ComposableArchitecture */; };
		6600B9F6269E2BC6008A169F /* AppCore in Frameworks */ = {isa = PBXBuildFile; productRef = 6600B9F5269E2BC6008A169F /* AppCore */; };
		6600B9F8269E2BC6008A169F /* LastFm in Frameworks */ = {isa = PBXBuildFile; productRef = 6600B9F7269E2BC6008A169F /* LastFm */; };
		6600B9FA269E2BC6008A169F /* Player in Frameworks */ = {isa = PBXBuildFile; productRef = 6600B9F9269E2BC6008A169F /* Player */; };
		6600B9FC269E2BC6008A169F /* PlayersBridge in Frameworks */ = {isa = PBXBuildFile; productRef = 6600B9FB269E2BC6008A169F /* PlayersBridge */; };
		6600B9FE269E2BC6008A169F /* Scrobbler in Frameworks */ = {isa = PBXBuildFile; productRef = 6600B9FD269E2BC6008A169F /* Scrobbler */; };
		6600BA00269E2BC6008A169F /* Shared in Frameworks */ = {isa = PBXBuildFile; productRef = 6600B9FF269E2BC6008A169F /* Shared */; };
		660BBA15265D84BC0010EC56 /* NepTunesInterface.swift in Sources */ = {isa = PBXBuildFile; fileRef = 660BBA14265D84BC0010EC56 /* NepTunesInterface.swift */; };
		661AD7BD2639D5C000B0292D /* AppDelegate.swift in Sources */ = {isa = PBXBuildFile; fileRef = 661AD7BC2639D5C000B0292D /* AppDelegate.swift */; };
		661AD7BF2639D5C000B0292D /* ContentView.swift in Sources */ = {isa = PBXBuildFile; fileRef = 661AD7BE2639D5C000B0292D /* ContentView.swift */; };
		661AD7C12639D5C100B0292D /* Assets.xcassets in Resources */ = {isa = PBXBuildFile; fileRef = 661AD7C02639D5C100B0292D /* Assets.xcassets */; };
		661AD7C42639D5C100B0292D /* Preview Assets.xcassets in Resources */ = {isa = PBXBuildFile; fileRef = 661AD7C32639D5C100B0292D /* Preview Assets.xcassets */; };
		661AD7C72639D5C100B0292D /* Main.storyboard in Resources */ = {isa = PBXBuildFile; fileRef = 661AD7C52639D5C100B0292D /* Main.storyboard */; };
		661AD7D32639D5C100B0292D /* PlayerReducerTests.swift in Sources */ = {isa = PBXBuildFile; fileRef = 661AD7D22639D5C100B0292D /* PlayerReducerTests.swift */; };
		662A645726A2285F004ACD13 /* AVKit.framework in Frameworks */ = {isa = PBXBuildFile; fileRef = 662A645626A2285F004ACD13 /* AVKit.framework */; };
		662A645926A228D7004ACD13 /* PlayerViewModel.swift in Sources */ = {isa = PBXBuildFile; fileRef = 662A645826A228D7004ACD13 /* PlayerViewModel.swift */; };
		662A645B26A23B5C004ACD13 /* AVPlayerViewRepresented.swift in Sources */ = {isa = PBXBuildFile; fileRef = 662A645A26A23B5C004ACD13 /* AVPlayerViewRepresented.swift */; };
		662A645F26A24AE0004ACD13 /* NSWindow+Center.swift in Sources */ = {isa = PBXBuildFile; fileRef = 662A645E26A24AE0004ACD13 /* NSWindow+Center.swift */; };
		663A9B54264B20480038CD06 /* AppleScriptObjC.framework in Frameworks */ = {isa = PBXBuildFile; fileRef = 663A9B53264B20480038CD06 /* AppleScriptObjC.framework */; };
		6678E661269CCE53005E78E6 /* SpotifyMock.swift in Sources */ = {isa = PBXBuildFile; fileRef = 6678E660269CCE53005E78E6 /* SpotifyMock.swift */; };
		66828D8E2687B1610012F60A /* MockSettings.swift in Sources */ = {isa = PBXBuildFile; fileRef = 66828D8D2687B1610012F60A /* MockSettings.swift */; };
		66828D922687BB160012F60A /* MusicAppMock.swift in Sources */ = {isa = PBXBuildFile; fileRef = 66828D912687BB160012F60A /* MusicAppMock.swift */; };
		668728CF26A222BA00EDF8BE /* Store.swift in Sources */ = {isa = PBXBuildFile; fileRef = 668728CE26A222BA00EDF8BE /* Store.swift */; };
		668728D126A2252F00EDF8BE /* WelcomeView.swift in Sources */ = {isa = PBXBuildFile; fileRef = 668728D026A2252F00EDF8BE /* WelcomeView.swift */; };
		66D4D8B7268E2D9900C5B565 /* ScrobblerTimerReducerTests.swift in Sources */ = {isa = PBXBuildFile; fileRef = 66D4D8B6268E2D9900C5B565 /* ScrobblerTimerReducerTests.swift */; };
		66D4D8B9268E549B00C5B565 /* PlayerScrobblerReducerTests.swift in Sources */ = {isa = PBXBuildFile; fileRef = 66D4D8B8268E549B00C5B565 /* PlayerScrobblerReducerTests.swift */; };
/* End PBXBuildFile section */

/* Begin PBXContainerItemProxy section */
		661AD7CF2639D5C100B0292D /* PBXContainerItemProxy */ = {
			isa = PBXContainerItemProxy;
			containerPortal = 661AD7B12639D5C000B0292D /* Project object */;
			proxyType = 1;
			remoteGlobalIDString = 661AD7B82639D5C000B0292D;
			remoteInfo = NepTunes;
		};
/* End PBXContainerItemProxy section */

/* Begin PBXCopyFilesBuildPhase section */
		660BBA48265ECE2C0010EC56 /* Embed Frameworks */ = {
			isa = PBXCopyFilesBuildPhase;
			buildActionMask = 2147483647;
			dstPath = "";
			dstSubfolderSpec = 10;
			files = (
			);
			name = "Embed Frameworks";
			runOnlyForDeploymentPostprocessing = 0;
		};
		66982E672665498700927553 /* Embed PlugIns */ = {
			isa = PBXCopyFilesBuildPhase;
			buildActionMask = 2147483647;
			dstPath = "";
			dstSubfolderSpec = 13;
			files = (
			);
			name = "Embed PlugIns";
			runOnlyForDeploymentPostprocessing = 0;
		};
/* End PBXCopyFilesBuildPhase section */

/* Begin PBXFileReference section */
		660BBA14265D84BC0010EC56 /* NepTunesInterface.swift */ = {isa = PBXFileReference; lastKnownFileType = sourcecode.swift; path = NepTunesInterface.swift; sourceTree = "<group>"; };
		661AD7B92639D5C000B0292D /* NepTunes.app */ = {isa = PBXFileReference; explicitFileType = wrapper.application; includeInIndex = 0; path = NepTunes.app; sourceTree = BUILT_PRODUCTS_DIR; };
		661AD7BC2639D5C000B0292D /* AppDelegate.swift */ = {isa = PBXFileReference; lastKnownFileType = sourcecode.swift; path = AppDelegate.swift; sourceTree = "<group>"; };
		661AD7BE2639D5C000B0292D /* ContentView.swift */ = {isa = PBXFileReference; lastKnownFileType = sourcecode.swift; path = ContentView.swift; sourceTree = "<group>"; };
		661AD7C02639D5C100B0292D /* Assets.xcassets */ = {isa = PBXFileReference; lastKnownFileType = folder.assetcatalog; path = Assets.xcassets; sourceTree = "<group>"; };
		661AD7C32639D5C100B0292D /* Preview Assets.xcassets */ = {isa = PBXFileReference; lastKnownFileType = folder.assetcatalog; path = "Preview Assets.xcassets"; sourceTree = "<group>"; };
		661AD7C62639D5C100B0292D /* Base */ = {isa = PBXFileReference; lastKnownFileType = file.storyboard; name = Base; path = Base.lproj/Main.storyboard; sourceTree = "<group>"; };
		661AD7C82639D5C100B0292D /* Info.plist */ = {isa = PBXFileReference; lastKnownFileType = text.plist.xml; path = Info.plist; sourceTree = "<group>"; };
		661AD7C92639D5C100B0292D /* NepTunes.entitlements */ = {isa = PBXFileReference; lastKnownFileType = text.plist.entitlements; path = NepTunes.entitlements; sourceTree = "<group>"; };
		661AD7CE2639D5C100B0292D /* NepTunesTests.xctest */ = {isa = PBXFileReference; explicitFileType = wrapper.cfbundle; includeInIndex = 0; path = NepTunesTests.xctest; sourceTree = BUILT_PRODUCTS_DIR; };
		661AD7D22639D5C100B0292D /* PlayerReducerTests.swift */ = {isa = PBXFileReference; lastKnownFileType = sourcecode.swift; path = PlayerReducerTests.swift; sourceTree = "<group>"; };
		661AD7D42639D5C100B0292D /* Info.plist */ = {isa = PBXFileReference; lastKnownFileType = text.plist.xml; path = Info.plist; sourceTree = "<group>"; };
		662A645626A2285F004ACD13 /* AVKit.framework */ = {isa = PBXFileReference; lastKnownFileType = wrapper.framework; name = AVKit.framework; path = System/Library/Frameworks/AVKit.framework; sourceTree = SDKROOT; };
		662A645826A228D7004ACD13 /* PlayerViewModel.swift */ = {isa = PBXFileReference; lastKnownFileType = sourcecode.swift; path = PlayerViewModel.swift; sourceTree = "<group>"; };
		662A645A26A23B5C004ACD13 /* AVPlayerViewRepresented.swift */ = {isa = PBXFileReference; lastKnownFileType = sourcecode.swift; path = AVPlayerViewRepresented.swift; sourceTree = "<group>"; };
		662A645E26A24AE0004ACD13 /* NSWindow+Center.swift */ = {isa = PBXFileReference; lastKnownFileType = sourcecode.swift; path = "NSWindow+Center.swift"; sourceTree = "<group>"; };
		663A9B53264B20480038CD06 /* AppleScriptObjC.framework */ = {isa = PBXFileReference; lastKnownFileType = wrapper.framework; name = AppleScriptObjC.framework; path = System/Library/Frameworks/AppleScriptObjC.framework; sourceTree = SDKROOT; };
		6678E660269CCE53005E78E6 /* SpotifyMock.swift */ = {isa = PBXFileReference; lastKnownFileType = sourcecode.swift; path = SpotifyMock.swift; sourceTree = "<group>"; };
		66828D8D2687B1610012F60A /* MockSettings.swift */ = {isa = PBXFileReference; lastKnownFileType = sourcecode.swift; path = MockSettings.swift; sourceTree = "<group>"; };
		66828D912687BB160012F60A /* MusicAppMock.swift */ = {isa = PBXFileReference; lastKnownFileType = sourcecode.swift; path = MusicAppMock.swift; sourceTree = "<group>"; };
		668728CE26A222BA00EDF8BE /* Store.swift */ = {isa = PBXFileReference; lastKnownFileType = sourcecode.swift; path = Store.swift; sourceTree = "<group>"; };
		668728D026A2252F00EDF8BE /* WelcomeView.swift */ = {isa = PBXFileReference; lastKnownFileType = sourcecode.swift; path = WelcomeView.swift; sourceTree = "<group>"; };
		66D4D8B6268E2D9900C5B565 /* ScrobblerTimerReducerTests.swift */ = {isa = PBXFileReference; lastKnownFileType = sourcecode.swift; path = ScrobblerTimerReducerTests.swift; sourceTree = "<group>"; };
		66D4D8B8268E549B00C5B565 /* PlayerScrobblerReducerTests.swift */ = {isa = PBXFileReference; lastKnownFileType = sourcecode.swift; path = PlayerScrobblerReducerTests.swift; sourceTree = "<group>"; };
		66DCE6A5269F6B320091BDAD /* NepTunes */ = {isa = PBXFileReference; lastKnownFileType = folder; name = NepTunes; path = ..; sourceTree = "<group>"; };
/* End PBXFileReference section */

/* Begin PBXFrameworksBuildPhase section */
		661AD7B62639D5C000B0292D /* Frameworks */ = {
			isa = PBXFrameworksBuildPhase;
			buildActionMask = 2147483647;
			files = (
				6600B9FC269E2BC6008A169F /* PlayersBridge in Frameworks */,
				6600B9FE269E2BC6008A169F /* Scrobbler in Frameworks */,
				6600B9FA269E2BC6008A169F /* Player in Frameworks */,
				6600B9F6269E2BC6008A169F /* AppCore in Frameworks */,
				6600B9F8269E2BC6008A169F /* LastFm in Frameworks */,
				6600BA00269E2BC6008A169F /* Shared in Frameworks */,
				6600B9F4269E2BBA008A169F /* ComposableArchitecture in Frameworks */,
				663A9B54264B20480038CD06 /* AppleScriptObjC.framework in Frameworks */,
				662A645726A2285F004ACD13 /* AVKit.framework in Frameworks */,
			);
			runOnlyForDeploymentPostprocessing = 0;
		};
		661AD7CB2639D5C100B0292D /* Frameworks */ = {
			isa = PBXFrameworksBuildPhase;
			buildActionMask = 2147483647;
			files = (
			);
			runOnlyForDeploymentPostprocessing = 0;
		};
/* End PBXFrameworksBuildPhase section */

/* Begin PBXGroup section */
		661AD7B02639D5C000B0292D = {
			isa = PBXGroup;
			children = (
				66DCE6A5269F6B320091BDAD /* NepTunes */,
				661AD7BB2639D5C000B0292D /* NepTunes */,
				661AD7D12639D5C100B0292D /* NepTunesTests */,
				661AD7BA2639D5C000B0292D /* Products */,
				66D043CE263B234F008E07B2 /* Frameworks */,
			);
			sourceTree = "<group>";
		};
		661AD7BA2639D5C000B0292D /* Products */ = {
			isa = PBXGroup;
			children = (
				661AD7B92639D5C000B0292D /* NepTunes.app */,
				661AD7CE2639D5C100B0292D /* NepTunesTests.xctest */,
			);
			name = Products;
			sourceTree = "<group>";
		};
		661AD7BB2639D5C000B0292D /* NepTunes */ = {
			isa = PBXGroup;
			children = (
				661AD7BC2639D5C000B0292D /* AppDelegate.swift */,
				668728CE26A222BA00EDF8BE /* Store.swift */,
				661AD7BE2639D5C000B0292D /* ContentView.swift */,
				662A645E26A24AE0004ACD13 /* NSWindow+Center.swift */,
				662A645A26A23B5C004ACD13 /* AVPlayerViewRepresented.swift */,
				668728D226A2253700EDF8BE /* Onboarding */,
				661AD7C02639D5C100B0292D /* Assets.xcassets */,
				661AD7C52639D5C100B0292D /* Main.storyboard */,
				661AD7C82639D5C100B0292D /* Info.plist */,
				661AD7C92639D5C100B0292D /* NepTunes.entitlements */,
				661AD7C22639D5C100B0292D /* Preview Content */,
				660BBA14265D84BC0010EC56 /* NepTunesInterface.swift */,
			);
			path = NepTunes;
			sourceTree = "<group>";
		};
		661AD7C22639D5C100B0292D /* Preview Content */ = {
			isa = PBXGroup;
			children = (
				661AD7C32639D5C100B0292D /* Preview Assets.xcassets */,
			);
			path = "Preview Content";
			sourceTree = "<group>";
		};
		661AD7D12639D5C100B0292D /* NepTunesTests */ = {
			isa = PBXGroup;
			children = (
				661AD7D42639D5C100B0292D /* Info.plist */,
				661AD7D22639D5C100B0292D /* PlayerReducerTests.swift */,
				66D4D8B6268E2D9900C5B565 /* ScrobblerTimerReducerTests.swift */,
				66D4D8B8268E549B00C5B565 /* PlayerScrobblerReducerTests.swift */,
				66828D8D2687B1610012F60A /* MockSettings.swift */,
				66828D912687BB160012F60A /* MusicAppMock.swift */,
				6678E660269CCE53005E78E6 /* SpotifyMock.swift */,
			);
			path = NepTunesTests;
			sourceTree = "<group>";
		};
		668728D226A2253700EDF8BE /* Onboarding */ = {
			isa = PBXGroup;
			children = (
				668728D026A2252F00EDF8BE /* WelcomeView.swift */,
				662A645826A228D7004ACD13 /* PlayerViewModel.swift */,
			);
			name = Onboarding;
			sourceTree = "<group>";
		};
		66D043CE263B234F008E07B2 /* Frameworks */ = {
			isa = PBXGroup;
			children = (
				662A645626A2285F004ACD13 /* AVKit.framework */,
				663A9B53264B20480038CD06 /* AppleScriptObjC.framework */,
			);
			name = Frameworks;
			sourceTree = "<group>";
		};
/* End PBXGroup section */

/* Begin PBXNativeTarget section */
		661AD7B82639D5C000B0292D /* NepTunes */ = {
			isa = PBXNativeTarget;
			buildConfigurationList = 661AD7E22639D5C100B0292D /* Build configuration list for PBXNativeTarget "NepTunes" */;
			buildPhases = (
				661AD7B52639D5C000B0292D /* Sources */,
				661AD7B62639D5C000B0292D /* Frameworks */,
				661AD7B72639D5C000B0292D /* Resources */,
				660BBA48265ECE2C0010EC56 /* Embed Frameworks */,
				66982E672665498700927553 /* Embed PlugIns */,
			);
			buildRules = (
			);
			dependencies = (
			);
			name = NepTunes;
			packageProductDependencies = (
				6600B9F3269E2BBA008A169F /* ComposableArchitecture */,
				6600B9F5269E2BC6008A169F /* AppCore */,
				6600B9F7269E2BC6008A169F /* LastFm */,
				6600B9F9269E2BC6008A169F /* Player */,
				6600B9FB269E2BC6008A169F /* PlayersBridge */,
				6600B9FD269E2BC6008A169F /* Scrobbler */,
				6600B9FF269E2BC6008A169F /* Shared */,
			);
			productName = NepTunes;
			productReference = 661AD7B92639D5C000B0292D /* NepTunes.app */;
			productType = "com.apple.product-type.application";
		};
		661AD7CD2639D5C100B0292D /* NepTunesTests */ = {
			isa = PBXNativeTarget;
			buildConfigurationList = 661AD7E52639D5C100B0292D /* Build configuration list for PBXNativeTarget "NepTunesTests" */;
			buildPhases = (
				661AD7CA2639D5C100B0292D /* Sources */,
				661AD7CB2639D5C100B0292D /* Frameworks */,
				661AD7CC2639D5C100B0292D /* Resources */,
			);
			buildRules = (
			);
			dependencies = (
				661AD7D02639D5C100B0292D /* PBXTargetDependency */,
			);
			name = NepTunesTests;
			productName = NepTunesTests;
			productReference = 661AD7CE2639D5C100B0292D /* NepTunesTests.xctest */;
			productType = "com.apple.product-type.bundle.unit-test";
		};
/* End PBXNativeTarget section */

/* Begin PBXProject section */
		661AD7B12639D5C000B0292D /* Project object */ = {
			isa = PBXProject;
			attributes = {
				LastSwiftUpdateCheck = 1250;
				LastUpgradeCheck = 1300;
				TargetAttributes = {
					661AD7B82639D5C000B0292D = {
						CreatedOnToolsVersion = 12.5;
						LastSwiftMigration = 1250;
					};
					661AD7CD2639D5C100B0292D = {
						CreatedOnToolsVersion = 12.5;
						TestTargetID = 661AD7B82639D5C000B0292D;
					};
				};
			};
			buildConfigurationList = 661AD7B42639D5C000B0292D /* Build configuration list for PBXProject "NepTunes" */;
			compatibilityVersion = "Xcode 9.3";
			developmentRegion = en;
			hasScannedForEncodings = 0;
			knownRegions = (
				en,
				Base,
			);
			mainGroup = 661AD7B02639D5C000B0292D;
			packageReferences = (
				6600B9F2269E2BBA008A169F /* XCRemoteSwiftPackageReference "swift-composable-architecture" */,
			);
			productRefGroup = 661AD7BA2639D5C000B0292D /* Products */;
			projectDirPath = "";
			projectRoot = "";
			targets = (
				661AD7B82639D5C000B0292D /* NepTunes */,
				661AD7CD2639D5C100B0292D /* NepTunesTests */,
			);
		};
/* End PBXProject section */

/* Begin PBXResourcesBuildPhase section */
		661AD7B72639D5C000B0292D /* Resources */ = {
			isa = PBXResourcesBuildPhase;
			buildActionMask = 2147483647;
			files = (
				661AD7C72639D5C100B0292D /* Main.storyboard in Resources */,
				661AD7C42639D5C100B0292D /* Preview Assets.xcassets in Resources */,
				661AD7C12639D5C100B0292D /* Assets.xcassets in Resources */,
			);
			runOnlyForDeploymentPostprocessing = 0;
		};
		661AD7CC2639D5C100B0292D /* Resources */ = {
			isa = PBXResourcesBuildPhase;
			buildActionMask = 2147483647;
			files = (
			);
			runOnlyForDeploymentPostprocessing = 0;
		};
/* End PBXResourcesBuildPhase section */

/* Begin PBXSourcesBuildPhase section */
		661AD7B52639D5C000B0292D /* Sources */ = {
			isa = PBXSourcesBuildPhase;
			buildActionMask = 2147483647;
			files = (
				668728D126A2252F00EDF8BE /* WelcomeView.swift in Sources */,
				660BBA15265D84BC0010EC56 /* NepTunesInterface.swift in Sources */,
				661AD7BF2639D5C000B0292D /* ContentView.swift in Sources */,
				662A645926A228D7004ACD13 /* PlayerViewModel.swift in Sources */,
				662A645B26A23B5C004ACD13 /* AVPlayerViewRepresented.swift in Sources */,
				662A645F26A24AE0004ACD13 /* NSWindow+Center.swift in Sources */,
				661AD7BD2639D5C000B0292D /* AppDelegate.swift in Sources */,
				668728CF26A222BA00EDF8BE /* Store.swift in Sources */,
			);
			runOnlyForDeploymentPostprocessing = 0;
		};
		661AD7CA2639D5C100B0292D /* Sources */ = {
			isa = PBXSourcesBuildPhase;
			buildActionMask = 2147483647;
			files = (
				66828D8E2687B1610012F60A /* MockSettings.swift in Sources */,
				66D4D8B9268E549B00C5B565 /* PlayerScrobblerReducerTests.swift in Sources */,
				66828D922687BB160012F60A /* MusicAppMock.swift in Sources */,
				661AD7D32639D5C100B0292D /* PlayerReducerTests.swift in Sources */,
				6678E661269CCE53005E78E6 /* SpotifyMock.swift in Sources */,
				66D4D8B7268E2D9900C5B565 /* ScrobblerTimerReducerTests.swift in Sources */,
			);
			runOnlyForDeploymentPostprocessing = 0;
		};
/* End PBXSourcesBuildPhase section */

/* Begin PBXTargetDependency section */
		661AD7D02639D5C100B0292D /* PBXTargetDependency */ = {
			isa = PBXTargetDependency;
			target = 661AD7B82639D5C000B0292D /* NepTunes */;
			targetProxy = 661AD7CF2639D5C100B0292D /* PBXContainerItemProxy */;
		};
/* End PBXTargetDependency section */

/* Begin PBXVariantGroup section */
		661AD7C52639D5C100B0292D /* Main.storyboard */ = {
			isa = PBXVariantGroup;
			children = (
				661AD7C62639D5C100B0292D /* Base */,
			);
			name = Main.storyboard;
			sourceTree = "<group>";
		};
/* End PBXVariantGroup section */

/* Begin XCBuildConfiguration section */
		661AD7E02639D5C100B0292D /* Debug */ = {
			isa = XCBuildConfiguration;
			buildSettings = {
				ALWAYS_SEARCH_USER_PATHS = NO;
				CLANG_ANALYZER_NONNULL = YES;
				CLANG_ANALYZER_NUMBER_OBJECT_CONVERSION = YES_AGGRESSIVE;
				CLANG_CXX_LANGUAGE_STANDARD = "gnu++14";
				CLANG_CXX_LIBRARY = "libc++";
				CLANG_ENABLE_MODULES = YES;
				CLANG_ENABLE_OBJC_ARC = YES;
				CLANG_ENABLE_OBJC_WEAK = YES;
				CLANG_WARN_BLOCK_CAPTURE_AUTORELEASING = YES;
				CLANG_WARN_BOOL_CONVERSION = YES;
				CLANG_WARN_COMMA = YES;
				CLANG_WARN_CONSTANT_CONVERSION = YES;
				CLANG_WARN_DEPRECATED_OBJC_IMPLEMENTATIONS = YES;
				CLANG_WARN_DIRECT_OBJC_ISA_USAGE = YES_ERROR;
				CLANG_WARN_DOCUMENTATION_COMMENTS = YES;
				CLANG_WARN_EMPTY_BODY = YES;
				CLANG_WARN_ENUM_CONVERSION = YES;
				CLANG_WARN_INFINITE_RECURSION = YES;
				CLANG_WARN_INT_CONVERSION = YES;
				CLANG_WARN_NON_LITERAL_NULL_CONVERSION = YES;
				CLANG_WARN_OBJC_IMPLICIT_RETAIN_SELF = YES;
				CLANG_WARN_OBJC_LITERAL_CONVERSION = YES;
				CLANG_WARN_OBJC_ROOT_CLASS = YES_ERROR;
				CLANG_WARN_QUOTED_INCLUDE_IN_FRAMEWORK_HEADER = YES;
				CLANG_WARN_RANGE_LOOP_ANALYSIS = YES;
				CLANG_WARN_STRICT_PROTOTYPES = YES;
				CLANG_WARN_SUSPICIOUS_MOVE = YES;
				CLANG_WARN_UNGUARDED_AVAILABILITY = YES_AGGRESSIVE;
				CLANG_WARN_UNREACHABLE_CODE = YES;
				CLANG_WARN__DUPLICATE_METHOD_MATCH = YES;
				COPY_PHASE_STRIP = NO;
				DEBUG_INFORMATION_FORMAT = dwarf;
				ENABLE_STRICT_OBJC_MSGSEND = YES;
				ENABLE_TESTABILITY = YES;
				GCC_C_LANGUAGE_STANDARD = gnu11;
				GCC_DYNAMIC_NO_PIC = NO;
				GCC_NO_COMMON_BLOCKS = YES;
				GCC_OPTIMIZATION_LEVEL = 0;
				GCC_PREPROCESSOR_DEFINITIONS = (
					"DEBUG=1",
					"$(inherited)",
				);
				GCC_WARN_64_TO_32_BIT_CONVERSION = YES;
				GCC_WARN_ABOUT_RETURN_TYPE = YES_ERROR;
				GCC_WARN_UNDECLARED_SELECTOR = YES;
				GCC_WARN_UNINITIALIZED_AUTOS = YES_AGGRESSIVE;
				GCC_WARN_UNUSED_FUNCTION = YES;
				GCC_WARN_UNUSED_VARIABLE = YES;
				MACOSX_DEPLOYMENT_TARGET = 11.3;
				MTL_ENABLE_DEBUG_INFO = INCLUDE_SOURCE;
				MTL_FAST_MATH = YES;
				ONLY_ACTIVE_ARCH = YES;
				SDKROOT = macosx;
				SWIFT_ACTIVE_COMPILATION_CONDITIONS = DEBUG;
				SWIFT_OPTIMIZATION_LEVEL = "-Onone";
			};
			name = Debug;
		};
		661AD7E12639D5C100B0292D /* Release */ = {
			isa = XCBuildConfiguration;
			buildSettings = {
				ALWAYS_SEARCH_USER_PATHS = NO;
				CLANG_ANALYZER_NONNULL = YES;
				CLANG_ANALYZER_NUMBER_OBJECT_CONVERSION = YES_AGGRESSIVE;
				CLANG_CXX_LANGUAGE_STANDARD = "gnu++14";
				CLANG_CXX_LIBRARY = "libc++";
				CLANG_ENABLE_MODULES = YES;
				CLANG_ENABLE_OBJC_ARC = YES;
				CLANG_ENABLE_OBJC_WEAK = YES;
				CLANG_WARN_BLOCK_CAPTURE_AUTORELEASING = YES;
				CLANG_WARN_BOOL_CONVERSION = YES;
				CLANG_WARN_COMMA = YES;
				CLANG_WARN_CONSTANT_CONVERSION = YES;
				CLANG_WARN_DEPRECATED_OBJC_IMPLEMENTATIONS = YES;
				CLANG_WARN_DIRECT_OBJC_ISA_USAGE = YES_ERROR;
				CLANG_WARN_DOCUMENTATION_COMMENTS = YES;
				CLANG_WARN_EMPTY_BODY = YES;
				CLANG_WARN_ENUM_CONVERSION = YES;
				CLANG_WARN_INFINITE_RECURSION = YES;
				CLANG_WARN_INT_CONVERSION = YES;
				CLANG_WARN_NON_LITERAL_NULL_CONVERSION = YES;
				CLANG_WARN_OBJC_IMPLICIT_RETAIN_SELF = YES;
				CLANG_WARN_OBJC_LITERAL_CONVERSION = YES;
				CLANG_WARN_OBJC_ROOT_CLASS = YES_ERROR;
				CLANG_WARN_QUOTED_INCLUDE_IN_FRAMEWORK_HEADER = YES;
				CLANG_WARN_RANGE_LOOP_ANALYSIS = YES;
				CLANG_WARN_STRICT_PROTOTYPES = YES;
				CLANG_WARN_SUSPICIOUS_MOVE = YES;
				CLANG_WARN_UNGUARDED_AVAILABILITY = YES_AGGRESSIVE;
				CLANG_WARN_UNREACHABLE_CODE = YES;
				CLANG_WARN__DUPLICATE_METHOD_MATCH = YES;
				COPY_PHASE_STRIP = NO;
				DEBUG_INFORMATION_FORMAT = "dwarf-with-dsym";
				ENABLE_NS_ASSERTIONS = NO;
				ENABLE_STRICT_OBJC_MSGSEND = YES;
				GCC_C_LANGUAGE_STANDARD = gnu11;
				GCC_NO_COMMON_BLOCKS = YES;
				GCC_WARN_64_TO_32_BIT_CONVERSION = YES;
				GCC_WARN_ABOUT_RETURN_TYPE = YES_ERROR;
				GCC_WARN_UNDECLARED_SELECTOR = YES;
				GCC_WARN_UNINITIALIZED_AUTOS = YES_AGGRESSIVE;
				GCC_WARN_UNUSED_FUNCTION = YES;
				GCC_WARN_UNUSED_VARIABLE = YES;
				MACOSX_DEPLOYMENT_TARGET = 11.3;
				MTL_ENABLE_DEBUG_INFO = NO;
				MTL_FAST_MATH = YES;
				SDKROOT = macosx;
				SWIFT_COMPILATION_MODE = wholemodule;
				SWIFT_OPTIMIZATION_LEVEL = "-O";
			};
			name = Release;
		};
		661AD7E32639D5C100B0292D /* Debug */ = {
			isa = XCBuildConfiguration;
			buildSettings = {
				ASSETCATALOG_COMPILER_APPICON_NAME = AppIcon;
				ASSETCATALOG_COMPILER_GLOBAL_ACCENT_COLOR_NAME = AccentColor;
				CLANG_ENABLE_MODULES = YES;
				CODE_SIGN_ENTITLEMENTS = NepTunes/NepTunes.entitlements;
				CODE_SIGN_IDENTITY = "Apple Development";
				CODE_SIGN_STYLE = Automatic;
				COMBINE_HIDPI_IMAGES = YES;
				DEVELOPMENT_ASSET_PATHS = "\"NepTunes/Preview Content\"";
				DEVELOPMENT_TEAM = YL78V8PY6H;
				ENABLE_HARDENED_RUNTIME = YES;
				ENABLE_PREVIEWS = YES;
				INFOPLIST_FILE = NepTunes/Info.plist;
				LD_RUNPATH_SEARCH_PATHS = (
					"$(inherited)",
					"@executable_path/../Frameworks",
				);
				MACOSX_DEPLOYMENT_TARGET = 11.3;
				PRODUCT_BUNDLE_IDENTIFIER = pl.micropixels.NepTunes;
				PRODUCT_NAME = "$(TARGET_NAME)";
				SWIFT_INSTALL_OBJC_HEADER = NO;
				SWIFT_OBJC_BRIDGING_HEADER = "";
				SWIFT_OPTIMIZATION_LEVEL = "-Onone";
				SWIFT_PRECOMPILE_BRIDGING_HEADER = NO;
				SWIFT_VERSION = 5.0;
			};
			name = Debug;
		};
		661AD7E42639D5C100B0292D /* Release */ = {
			isa = XCBuildConfiguration;
			buildSettings = {
				ASSETCATALOG_COMPILER_APPICON_NAME = AppIcon;
				ASSETCATALOG_COMPILER_GLOBAL_ACCENT_COLOR_NAME = AccentColor;
				CLANG_ENABLE_MODULES = YES;
				CODE_SIGN_ENTITLEMENTS = NepTunes/NepTunes.entitlements;
				CODE_SIGN_IDENTITY = "Apple Development";
				CODE_SIGN_STYLE = Automatic;
				COMBINE_HIDPI_IMAGES = YES;
				DEVELOPMENT_ASSET_PATHS = "\"NepTunes/Preview Content\"";
				DEVELOPMENT_TEAM = YL78V8PY6H;
				ENABLE_HARDENED_RUNTIME = YES;
				ENABLE_PREVIEWS = YES;
				INFOPLIST_FILE = NepTunes/Info.plist;
				LD_RUNPATH_SEARCH_PATHS = (
					"$(inherited)",
					"@executable_path/../Frameworks",
				);
				MACOSX_DEPLOYMENT_TARGET = 11.3;
				PRODUCT_BUNDLE_IDENTIFIER = pl.micropixels.NepTunes;
				PRODUCT_NAME = "$(TARGET_NAME)";
				SWIFT_INSTALL_OBJC_HEADER = NO;
				SWIFT_OBJC_BRIDGING_HEADER = "";
				SWIFT_PRECOMPILE_BRIDGING_HEADER = NO;
				SWIFT_VERSION = 5.0;
			};
			name = Release;
		};
		661AD7E62639D5C100B0292D /* Debug */ = {
			isa = XCBuildConfiguration;
			buildSettings = {
				ALWAYS_EMBED_SWIFT_STANDARD_LIBRARIES = YES;
				BUNDLE_LOADER = "$(TEST_HOST)";
				CODE_SIGN_STYLE = Automatic;
				COMBINE_HIDPI_IMAGES = YES;
				DEVELOPMENT_TEAM = YL78V8PY6H;
				INFOPLIST_FILE = NepTunesTests/Info.plist;
				LD_RUNPATH_SEARCH_PATHS = (
					"$(inherited)",
					"@executable_path/../Frameworks",
					"@loader_path/../Frameworks",
				);
				MACOSX_DEPLOYMENT_TARGET = 11.3;
				PRODUCT_BUNDLE_IDENTIFIER = pl.micropixels.NepTunesTests;
				PRODUCT_NAME = "$(TARGET_NAME)";
				SWIFT_VERSION = 5.0;
				TEST_HOST = "$(BUILT_PRODUCTS_DIR)/NepTunes.app/Contents/MacOS/NepTunes";
			};
			name = Debug;
		};
		661AD7E72639D5C100B0292D /* Release */ = {
			isa = XCBuildConfiguration;
			buildSettings = {
				ALWAYS_EMBED_SWIFT_STANDARD_LIBRARIES = YES;
				BUNDLE_LOADER = "$(TEST_HOST)";
				CODE_SIGN_STYLE = Automatic;
				COMBINE_HIDPI_IMAGES = YES;
				DEVELOPMENT_TEAM = YL78V8PY6H;
				INFOPLIST_FILE = NepTunesTests/Info.plist;
				LD_RUNPATH_SEARCH_PATHS = (
					"$(inherited)",
					"@executable_path/../Frameworks",
					"@loader_path/../Frameworks",
				);
				MACOSX_DEPLOYMENT_TARGET = 11.3;
				PRODUCT_BUNDLE_IDENTIFIER = pl.micropixels.NepTunesTests;
				PRODUCT_NAME = "$(TARGET_NAME)";
				SWIFT_VERSION = 5.0;
				TEST_HOST = "$(BUILT_PRODUCTS_DIR)/NepTunes.app/Contents/MacOS/NepTunes";
			};
			name = Release;
		};
/* End XCBuildConfiguration section */

/* Begin XCConfigurationList section */
		661AD7B42639D5C000B0292D /* Build configuration list for PBXProject "NepTunes" */ = {
			isa = XCConfigurationList;
			buildConfigurations = (
				661AD7E02639D5C100B0292D /* Debug */,
				661AD7E12639D5C100B0292D /* Release */,
			);
			defaultConfigurationIsVisible = 0;
			defaultConfigurationName = Release;
		};
		661AD7E22639D5C100B0292D /* Build configuration list for PBXNativeTarget "NepTunes" */ = {
			isa = XCConfigurationList;
			buildConfigurations = (
				661AD7E32639D5C100B0292D /* Debug */,
				661AD7E42639D5C100B0292D /* Release */,
			);
			defaultConfigurationIsVisible = 0;
			defaultConfigurationName = Release;
		};
		661AD7E52639D5C100B0292D /* Build configuration list for PBXNativeTarget "NepTunesTests" */ = {
			isa = XCConfigurationList;
			buildConfigurations = (
				661AD7E62639D5C100B0292D /* Debug */,
				661AD7E72639D5C100B0292D /* Release */,
			);
			defaultConfigurationIsVisible = 0;
			defaultConfigurationName = Release;
		};
/* End XCConfigurationList section */

/* Begin XCRemoteSwiftPackageReference section */
		6600B9F2269E2BBA008A169F /* XCRemoteSwiftPackageReference "swift-composable-architecture" */ = {
			isa = XCRemoteSwiftPackageReference;
			repositoryURL = "https://github.com/pointfreeco/swift-composable-architecture";
			requirement = {
				kind = upToNextMajorVersion;
				minimumVersion = 0.21.0;
			};
		};
/* End XCRemoteSwiftPackageReference section */

/* Begin XCSwiftPackageProductDependency section */
		6600B9F3269E2BBA008A169F /* ComposableArchitecture */ = {
			isa = XCSwiftPackageProductDependency;
			package = 6600B9F2269E2BBA008A169F /* XCRemoteSwiftPackageReference "swift-composable-architecture" */;
			productName = ComposableArchitecture;
		};
		6600B9F5269E2BC6008A169F /* AppCore */ = {
			isa = XCSwiftPackageProductDependency;
			productName = AppCore;
		};
		6600B9F7269E2BC6008A169F /* LastFm */ = {
			isa = XCSwiftPackageProductDependency;
			productName = LastFm;
		};
		6600B9F9269E2BC6008A169F /* Player */ = {
			isa = XCSwiftPackageProductDependency;
			productName = Player;
		};
		6600B9FB269E2BC6008A169F /* PlayersBridge */ = {
			isa = XCSwiftPackageProductDependency;
			productName = PlayersBridge;
		};
		6600B9FD269E2BC6008A169F /* Scrobbler */ = {
			isa = XCSwiftPackageProductDependency;
			productName = Scrobbler;
		};
		6600B9FF269E2BC6008A169F /* Shared */ = {
			isa = XCSwiftPackageProductDependency;
			productName = Shared;
		};
/* End XCSwiftPackageProductDependency section */
	};
	rootObject = 661AD7B12639D5C000B0292D /* Project object */;
}
