// !$*UTF8*$!
{
	archiveVersion = 1;
	classes = {
	};
	objectVersion = 46;
	objects = {

/* Begin PBXBuildFile section */
		5BF5A9F81C4EAFC400C4FBA3 /* AppDelegate.m in Sources */ = {isa = PBXBuildFile; fileRef = 5BF5A9F71C4EAFC400C4FBA3 /* AppDelegate.m */; };
		5BF5A9FB1C4EAFC400C4FBA3 /* main.m in Sources */ = {isa = PBXBuildFile; fileRef = 5BF5A9FA1C4EAFC400C4FBA3 /* main.m */; };
		5BF5A9FD1C4EAFC400C4FBA3 /* Assets.xcassets in Resources */ = {isa = PBXBuildFile; fileRef = 5BF5A9FC1C4EAFC400C4FBA3 /* Assets.xcassets */; };
		5BF5AA001C4EAFC400C4FBA3 /* MainMenu.xib in Resources */ = {isa = PBXBuildFile; fileRef = 5BF5A9FE1C4EAFC400C4FBA3 /* MainMenu.xib */; };
/* End PBXBuildFile section */

/* Begin PBXFileReference section */
		5BF5A9F31C4EAFC400C4FBA3 /* NepTunesHelperApp.app */ = {isa = PBXFileReference; explicitFileType = wrapper.application; includeInIndex = 0; path = NepTunesHelperApp.app; sourceTree = BUILT_PRODUCTS_DIR; };
		5BF5A9F61C4EAFC400C4FBA3 /* AppDelegate.h */ = {isa = PBXFileReference; lastKnownFileType = sourcecode.c.h; path = AppDelegate.h; sourceTree = "<group>"; };
		5BF5A9F71C4EAFC400C4FBA3 /* AppDelegate.m */ = {isa = PBXFileReference; lastKnownFileType = sourcecode.c.objc; path = AppDelegate.m; sourceTree = "<group>"; };
		5BF5A9FA1C4EAFC400C4FBA3 /* main.m */ = {isa = PBXFileReference; lastKnownFileType = sourcecode.c.objc; path = main.m; sourceTree = "<group>"; };
		5BF5A9FC1C4EAFC400C4FBA3 /* Assets.xcassets */ = {isa = PBXFileReference; lastKnownFileType = folder.assetcatalog; path = Assets.xcassets; sourceTree = "<group>"; };
		5BF5A9FF1C4EAFC400C4FBA3 /* Base */ = {isa = PBXFileReference; lastKnownFileType = file.xib; name = Base; path = Base.lproj/MainMenu.xib; sourceTree = "<group>"; };
		5BF5AA011C4EAFC400C4FBA3 /* Info.plist */ = {isa = PBXFileReference; lastKnownFileType = text.plist.xml; path = Info.plist; sourceTree = "<group>"; };
		5BF5AA111C4EB25700C4FBA3 /* NepTunesHelperApp.entitlements */ = {isa = PBXFileReference; lastKnownFileType = text.xml; path = NepTunesHelperApp.entitlements; sourceTree = "<group>"; };
/* End PBXFileReference section */

/* Begin PBXFrameworksBuildPhase section */
		5BF5A9F01C4EAFC400C4FBA3 /* Frameworks */ = {
			isa = PBXFrameworksBuildPhase;
			buildActionMask = 2147483647;
			files = (
			);
			runOnlyForDeploymentPostprocessing = 0;
		};
/* End PBXFrameworksBuildPhase section */

/* Begin PBXGroup section */
		5BF5A9EA1C4EAFC400C4FBA3 = {
			isa = PBXGroup;
			children = (
				5BF5A9F51C4EAFC400C4FBA3 /* NepTunesHelperApp */,
				5BF5A9F41C4EAFC400C4FBA3 /* Products */,
			);
			sourceTree = "<group>";
		};
		5BF5A9F41C4EAFC400C4FBA3 /* Products */ = {
			isa = PBXGroup;
			children = (
				5BF5A9F31C4EAFC400C4FBA3 /* NepTunesHelperApp.app */,
			);
			name = Products;
			sourceTree = "<group>";
		};
		5BF5A9F51C4EAFC400C4FBA3 /* NepTunesHelperApp */ = {
			isa = PBXGroup;
			children = (
				5BF5AA111C4EB25700C4FBA3 /* NepTunesHelperApp.entitlements */,
				5BF5A9F61C4EAFC400C4FBA3 /* AppDelegate.h */,
				5BF5A9F71C4EAFC400C4FBA3 /* AppDelegate.m */,
				5BF5A9FC1C4EAFC400C4FBA3 /* Assets.xcassets */,
				5BF5A9FE1C4EAFC400C4FBA3 /* MainMenu.xib */,
				5BF5AA011C4EAFC400C4FBA3 /* Info.plist */,
				5BF5A9F91C4EAFC400C4FBA3 /* Supporting Files */,
			);
			path = NepTunesHelperApp;
			sourceTree = "<group>";
		};
		5BF5A9F91C4EAFC400C4FBA3 /* Supporting Files */ = {
			isa = PBXGroup;
			children = (
				5BF5A9FA1C4EAFC400C4FBA3 /* main.m */,
			);
			name = "Supporting Files";
			sourceTree = "<group>";
		};
/* End PBXGroup section */

/* Begin PBXNativeTarget section */
		5BF5A9F21C4EAFC400C4FBA3 /* NepTunesHelperApp */ = {
			isa = PBXNativeTarget;
			buildConfigurationList = 5BF5AA041C4EAFC400C4FBA3 /* Build configuration list for PBXNativeTarget "NepTunesHelperApp" */;
			buildPhases = (
				5BF5A9EF1C4EAFC400C4FBA3 /* Sources */,
				5BF5A9F01C4EAFC400C4FBA3 /* Frameworks */,
				5BF5A9F11C4EAFC400C4FBA3 /* Resources */,
			);
			buildRules = (
			);
			dependencies = (
			);
			name = NepTunesHelperApp;
			productName = NepTunesHelperApp;
			productReference = 5BF5A9F31C4EAFC400C4FBA3 /* NepTunesHelperApp.app */;
			productType = "com.apple.product-type.application";
		};
/* End PBXNativeTarget section */

/* Begin PBXProject section */
		5BF5A9EB1C4EAFC400C4FBA3 /* Project object */ = {
			isa = PBXProject;
			attributes = {
				LastUpgradeCheck = 0940;
				ORGANIZATIONNAME = micropixels;
				TargetAttributes = {
					5BF5A9F21C4EAFC400C4FBA3 = {
						CreatedOnToolsVersion = 7.2;
						DevelopmentTeam = F58772G67J;
						SystemCapabilities = {
							com.apple.Sandbox = {
								enabled = 1;
							};
						};
					};
				};
			};
			buildConfigurationList = 5BF5A9EE1C4EAFC400C4FBA3 /* Build configuration list for PBXProject "NepTunesHelperApp" */;
			compatibilityVersion = "Xcode 3.2";
			developmentRegion = English;
			hasScannedForEncodings = 0;
			knownRegions = (
				en,
				Base,
			);
			mainGroup = 5BF5A9EA1C4EAFC400C4FBA3;
			productRefGroup = 5BF5A9F41C4EAFC400C4FBA3 /* Products */;
			projectDirPath = "";
			projectRoot = "";
			targets = (
				5BF5A9F21C4EAFC400C4FBA3 /* NepTunesHelperApp */,
			);
		};
/* End PBXProject section */

/* Begin PBXResourcesBuildPhase section */
		5BF5A9F11C4EAFC400C4FBA3 /* Resources */ = {
			isa = PBXResourcesBuildPhase;
			buildActionMask = 2147483647;
			files = (
				5BF5A9FD1C4EAFC400C4FBA3 /* Assets.xcassets in Resources */,
				5BF5AA001C4EAFC400C4FBA3 /* MainMenu.xib in Resources */,
			);
			runOnlyForDeploymentPostprocessing = 0;
		};
/* End PBXResourcesBuildPhase section */

/* Begin PBXSourcesBuildPhase section */
		5BF5A9EF1C4EAFC400C4FBA3 /* Sources */ = {
			isa = PBXSourcesBuildPhase;
			buildActionMask = 2147483647;
			files = (
				5BF5A9FB1C4EAFC400C4FBA3 /* main.m in Sources */,
				5BF5A9F81C4EAFC400C4FBA3 /* AppDelegate.m in Sources */,
			);
			runOnlyForDeploymentPostprocessing = 0;
		};
/* End PBXSourcesBuildPhase section */

/* Begin PBXVariantGroup section */
		5BF5A9FE1C4EAFC400C4FBA3 /* MainMenu.xib */ = {
			isa = PBXVariantGroup;
			children = (
				5BF5A9FF1C4EAFC400C4FBA3 /* Base */,
			);
			name = MainMenu.xib;
			sourceTree = "<group>";
		};
/* End PBXVariantGroup section */

/* Begin XCBuildConfiguration section */
		5BF5AA021C4EAFC400C4FBA3 /* Debug */ = {
			isa = XCBuildConfiguration;
			buildSettings = {
				ALWAYS_SEARCH_USER_PATHS = NO;
				CLANG_CXX_LANGUAGE_STANDARD = "gnu++0x";
				CLANG_CXX_LIBRARY = "libc++";
				CLANG_ENABLE_MODULES = YES;
				CLANG_ENABLE_OBJC_ARC = YES;
				CLANG_WARN_BLOCK_CAPTURE_AUTORELEASING = YES;
				CLANG_WARN_BOOL_CONVERSION = YES;
				CLANG_WARN_COMMA = YES;
				CLANG_WARN_CONSTANT_CONVERSION = YES;
				CLANG_WARN_DEPRECATED_OBJC_IMPLEMENTATIONS = YES;
				CLANG_WARN_DIRECT_OBJC_ISA_USAGE = YES_ERROR;
				CLANG_WARN_EMPTY_BODY = YES;
				CLANG_WARN_ENUM_CONVERSION = YES;
				CLANG_WARN_INFINITE_RECURSION = YES;
				CLANG_WARN_INT_CONVERSION = YES;
				CLANG_WARN_NON_LITERAL_NULL_CONVERSION = YES;
				CLANG_WARN_OBJC_IMPLICIT_RETAIN_SELF = YES;
				CLANG_WARN_OBJC_LITERAL_CONVERSION = YES;
				CLANG_WARN_OBJC_ROOT_CLASS = YES_ERROR;
				CLANG_WARN_RANGE_LOOP_ANALYSIS = YES;
				CLANG_WARN_STRICT_PROTOTYPES = YES;
				CLANG_WARN_SUSPICIOUS_MOVE = YES;
				CLANG_WARN_UNREACHABLE_CODE = YES;
				CLANG_WARN__DUPLICATE_METHOD_MATCH = YES;
				CODE_SIGN_IDENTITY = "-";
				COPY_PHASE_STRIP = NO;
				DEBUG_INFORMATION_FORMAT = dwarf;
				ENABLE_STRICT_OBJC_MSGSEND = YES;
				ENABLE_TESTABILITY = YES;
				GCC_C_LANGUAGE_STANDARD = gnu99;
				GCC_DYNAMIC_NO_PIC = NO;
				GCC_NO_COMMON_BLOCKS = YES;
				GCC_OPTIMIZATION_LEVEL = 0;
				GCC_PREPROCESSOR_DEFINITIONS = (
					"DEBUG=1",
					"$(inherited)",
				);
				GCC_WARN_64_TO_32_BIT_CONVERSION = YES;
				GCC_WARN_ABOUT_RETURN_TYPE = YES_ERROR;
				GCC_WARN_UNDECLARED_SELECTOR = YES;
				GCC_WARN_UNINITIALIZED_AUTOS = YES_AGGRESSIVE;
				GCC_WARN_UNUSED_FUNCTION = YES;
				GCC_WARN_UNUSED_VARIABLE = YES;
				MACOSX_DEPLOYMENT_TARGET = 10.11;
				MTL_ENABLE_DEBUG_INFO = YES;
				ONLY_ACTIVE_ARCH = YES;
				SDKROOT = macosx;
			};
			name = Debug;
		};
		5BF5AA031C4EAFC400C4FBA3 /* Release */ = {
			isa = XCBuildConfiguration;
			buildSettings = {
				ALWAYS_SEARCH_USER_PATHS = NO;
				CLANG_CXX_LANGUAGE_STANDARD = "gnu++0x";
				CLANG_CXX_LIBRARY = "libc++";
				CLANG_ENABLE_MODULES = YES;
				CLANG_ENABLE_OBJC_ARC = YES;
				CLANG_WARN_BLOCK_CAPTURE_AUTORELEASING = YES;
				CLANG_WARN_BOOL_CONVERSION = YES;
				CLANG_WARN_COMMA = YES;
				CLANG_WARN_CONSTANT_CONVERSION = YES;
				CLANG_WARN_DEPRECATED_OBJC_IMPLEMENTATIONS = YES;
				CLANG_WARN_DIRECT_OBJC_ISA_USAGE = YES_ERROR;
				CLANG_WARN_EMPTY_BODY = YES;
				CLANG_WARN_ENUM_CONVERSION = YES;
				CLANG_WARN_INFINITE_RECURSION = YES;
				CLANG_WARN_INT_CONVERSION = YES;
				CLANG_WARN_NON_LITERAL_NULL_CONVERSION = YES;
				CLANG_WARN_OBJC_IMPLICIT_RETAIN_SELF = YES;
				CLANG_WARN_OBJC_LITERAL_CONVERSION = YES;
				CLANG_WARN_OBJC_ROOT_CLASS = YES_ERROR;
				CLANG_WARN_RANGE_LOOP_ANALYSIS = YES;
				CLANG_WARN_STRICT_PROTOTYPES = YES;
				CLANG_WARN_SUSPICIOUS_MOVE = YES;
				CLANG_WARN_UNREACHABLE_CODE = YES;
				CLANG_WARN__DUPLICATE_METHOD_MATCH = YES;
				CODE_SIGN_IDENTITY = "-";
				COPY_PHASE_STRIP = NO;
				DEBUG_INFORMATION_FORMAT = "dwarf-with-dsym";
				ENABLE_NS_ASSERTIONS = NO;
				ENABLE_STRICT_OBJC_MSGSEND = YES;
				GCC_C_LANGUAGE_STANDARD = gnu99;
				GCC_NO_COMMON_BLOCKS = YES;
				GCC_WARN_64_TO_32_BIT_CONVERSION = YES;
				GCC_WARN_ABOUT_RETURN_TYPE = YES_ERROR;
				GCC_WARN_UNDECLARED_SELECTOR = YES;
				GCC_WARN_UNINITIALIZED_AUTOS = YES_AGGRESSIVE;
				GCC_WARN_UNUSED_FUNCTION = YES;
				GCC_WARN_UNUSED_VARIABLE = YES;
				MACOSX_DEPLOYMENT_TARGET = 10.11;
				MTL_ENABLE_DEBUG_INFO = NO;
				SDKROOT = macosx;
			};
			name = Release;
		};
		5BF5AA051C4EAFC400C4FBA3 /* Debug */ = {
			isa = XCBuildConfiguration;
			buildSettings = {
				ASSETCATALOG_COMPILER_APPICON_NAME = AppIcon;
				CODE_SIGN_ENTITLEMENTS = NepTunesHelperApp/NepTunesHelperApp.entitlements;
				CODE_SIGN_IDENTITY = "Mac Developer";
				COMBINE_HIDPI_IMAGES = YES;
				INFOPLIST_FILE = NepTunesHelperApp/Info.plist;
				LD_RUNPATH_SEARCH_PATHS = "$(inherited) @executable_path/../Frameworks";
				MACOSX_DEPLOYMENT_TARGET = 10.9;
				PRODUCT_BUNDLE_IDENTIFIER = pl.micropixels.NepTunesHelperApp;
				PRODUCT_NAME = "$(TARGET_NAME)";
				SKIP_INSTALL = YES;
			};
			name = Debug;
		};
		5BF5AA061C4EAFC400C4FBA3 /* Release */ = {
			isa = XCBuildConfiguration;
			buildSettings = {
				ASSETCATALOG_COMPILER_APPICON_NAME = AppIcon;
				CODE_SIGN_ENTITLEMENTS = NepTunesHelperApp/NepTunesHelperApp.entitlements;
				CODE_SIGN_IDENTITY = "Mac Developer";
				COMBINE_HIDPI_IMAGES = YES;
				INFOPLIST_FILE = NepTunesHelperApp/Info.plist;
				LD_RUNPATH_SEARCH_PATHS = "$(inherited) @executable_path/../Frameworks";
				MACOSX_DEPLOYMENT_TARGET = 10.9;
				PRODUCT_BUNDLE_IDENTIFIER = pl.micropixels.NepTunesHelperApp;
				PRODUCT_NAME = "$(TARGET_NAME)";
				SKIP_INSTALL = YES;
			};
			name = Release;
		};
/* End XCBuildConfiguration section */

/* Begin XCConfigurationList section */
		5BF5A9EE1C4EAFC400C4FBA3 /* Build configuration list for PBXProject "NepTunesHelperApp" */ = {
			isa = XCConfigurationList;
			buildConfigurations = (
				5BF5AA021C4EAFC400C4FBA3 /* Debug */,
				5BF5AA031C4EAFC400C4FBA3 /* Release */,
			);
			defaultConfigurationIsVisible = 0;
			defaultConfigurationName = Release;
		};
		5BF5AA041C4EAFC400C4FBA3 /* Build configuration list for PBXNativeTarget "NepTunesHelperApp" */ = {
			isa = XCConfigurationList;
			buildConfigurations = (
				5BF5AA051C4EAFC400C4FBA3 /* Debug */,
				5BF5AA061C4EAFC400C4FBA3 /* Release */,
			);
			defaultConfigurationIsVisible = 0;
			defaultConfigurationName = Release;
		};
/* End XCConfigurationList section */
	};
	rootObject = 5BF5A9EB1C4EAFC400C4FBA3 /* Project object */;
}
